
Microsoft Visual Studio Solution File, Format Version 12.00
# Visual Studio Version 16
VisualStudioVersion = 16.0.31019.35
MinimumVisualStudioVersion = 10.0.40219.1
Project("{FAE04EC0-301F-11D3-BF4B-00C04F79EFBC}") = "WebApplication2", "WebApplication2.csproj", "{4957987B-C1C2-4084-9C1E-EBCBE0D5EDE5}"
EndProject
Global
	GlobalSection(SolutionConfigurationPlatforms) = preSolution
		Debug|Any CPU = Debug|Any CPU
		Release|Any CPU = Release|Any CPU
	EndGlobalSection
	GlobalSection(ProjectConfigurationPlatforms) = postSolution
		{4957987B-C1C2-4084-9C1E-EBCBE0D5EDE5}.Debug|Any CPU.ActiveCfg = Debug|Any CPU
		{4957987B-C1C2-4084-9C1E-EBCBE0D5EDE5}.Debug|Any CPU.Build.0 = Debug|Any CPU
		{4957987B-C1C2-4084-9C1E-EBCBE0D5EDE5}.Release|Any CPU.ActiveCfg = Release|Any CPU
		{4957987B-C1C2-4084-9C1E-EBCBE0D5EDE5}.Release|Any CPU.Build.0 = Release|Any CPU
	EndGlobalSection
	GlobalSection(SolutionProperties) = preSolution
		HideSolutionNode = FALSE
	EndGlobalSection
	GlobalSection(ExtensibilityGlobals) = postSolution
		SolutionGuid = {343EAC88-3FDA-4250-A6F6-6181E10798F9}
	EndGlobalSection
EndGlobal
